{
  "originHash" : "9404dbafb747d66192e97992b60f9e24740a05f4880968b0ed87dc30161ea484",
  "pins" : [
    {
      "identity" : "swift-syntax",
      "kind" : "remoteSourceControl",
      "location" : "https://github.com/apple/swift-syntax.git",
      "state" : {
        "revision" : "515f79b522918f83483068d99c68daeb5116342d",
        "version" : "600.0.0-prerelease-2024-08-20"
      }
    }
  ],
  "version" : 3
}
