{
  "originHash" : "ca8b3e5571c550eff1e4cca8a30c5a8e38e793346b6e4611333617d3db9461c1",
  "pins" : [
    {
      "identity" : "sectionreader",
      "kind" : "remoteSourceControl",
      "location" : "https://github.com/reers/SectionReader.git",
      "state" : {
        "revision" : "aa5fd9a6a60ed533d41dc8836713c3775a19e4e0",
        "version" : "1.0.0"
      }
    },
    {
      "identity" : "swift-syntax",
      "kind" : "remoteSourceControl",
      "location" : "https://github.com/apple/swift-syntax.git",
      "state" : {
        "revision" : "0687f71944021d616d34d922343dcef086855920",
        "version" : "600.0.1"
      }
    }
  ],
  "version" : 3
}
